
Microsoft Visual Studio Solution File, Format Version 12.00
# Visual Studio 2012
Project("{FAE04EC0-301F-11D3-BF4B-00C04F79EFBC}") = "card_replace", "card_replace.csproj", "{F39C8A23-0FAA-4057-85D9-DB7862B76C11}"
EndProject
Project("{2150E333-8FDC-42A3-9474-1A3956D46DE8}") = "tools", "tools", "{07C2787E-EAC7-C090-1BA3-A61EC2A24D84}"
EndProject
Project("{FAE04EC0-301F-11D3-BF4B-00C04F79EFBC}") = "CardReplaceBuilder", "tools\CardReplaceBuilder\CardReplaceBuilder.csproj", "{083C144D-7BA2-41DD-A210-B5DD9F5896B0}"
EndProject
Global
	GlobalSection(SolutionConfigurationPlatforms) = preSolution
		Debug|Any CPU = Debug|Any CPU
		Debug|x64 = Debug|x64
		Debug|x86 = Debug|x86
		ExportDebug|Any CPU = ExportDebug|Any CPU
		ExportDebug|x64 = ExportDebug|x64
		ExportDebug|x86 = ExportDebug|x86
		ExportRelease|Any CPU = ExportRelease|Any CPU
		ExportRelease|x64 = ExportRelease|x64
		ExportRelease|x86 = ExportRelease|x86
		Release|Any CPU = Release|Any CPU
		Release|x64 = Release|x64
		Release|x86 = Release|x86
	EndGlobalSection
	GlobalSection(ProjectConfigurationPlatforms) = postSolution
		{F39C8A23-0FAA-4057-85D9-DB7862B76C11}.Debug|Any CPU.ActiveCfg = Debug|Any CPU
		{F39C8A23-0FAA-4057-85D9-DB7862B76C11}.Debug|Any CPU.Build.0 = Debug|Any CPU
		{F39C8A23-0FAA-4057-85D9-DB7862B76C11}.Debug|x64.ActiveCfg = Debug|Any CPU
		{F39C8A23-0FAA-4057-85D9-DB7862B76C11}.Debug|x64.Build.0 = Debug|Any CPU
		{F39C8A23-0FAA-4057-85D9-DB7862B76C11}.Debug|x86.ActiveCfg = Debug|Any CPU
		{F39C8A23-0FAA-4057-85D9-DB7862B76C11}.Debug|x86.Build.0 = Debug|Any CPU
		{F39C8A23-0FAA-4057-85D9-DB7862B76C11}.ExportDebug|Any CPU.ActiveCfg = ExportDebug|Any CPU
		{F39C8A23-0FAA-4057-85D9-DB7862B76C11}.ExportDebug|Any CPU.Build.0 = ExportDebug|Any CPU
		{F39C8A23-0FAA-4057-85D9-DB7862B76C11}.ExportDebug|x64.ActiveCfg = ExportDebug|Any CPU
		{F39C8A23-0FAA-4057-85D9-DB7862B76C11}.ExportDebug|x64.Build.0 = ExportDebug|Any CPU
		{F39C8A23-0FAA-4057-85D9-DB7862B76C11}.ExportDebug|x86.ActiveCfg = ExportDebug|Any CPU
		{F39C8A23-0FAA-4057-85D9-DB7862B76C11}.ExportDebug|x86.Build.0 = ExportDebug|Any CPU
		{F39C8A23-0FAA-4057-85D9-DB7862B76C11}.ExportRelease|Any CPU.ActiveCfg = ExportRelease|Any CPU
		{F39C8A23-0FAA-4057-85D9-DB7862B76C11}.ExportRelease|Any CPU.Build.0 = ExportRelease|Any CPU
		{F39C8A23-0FAA-4057-85D9-DB7862B76C11}.ExportRelease|x64.ActiveCfg = ExportRelease|Any CPU
		{F39C8A23-0FAA-4057-85D9-DB7862B76C11}.ExportRelease|x64.Build.0 = ExportRelease|Any CPU
		{F39C8A23-0FAA-4057-85D9-DB7862B76C11}.ExportRelease|x86.ActiveCfg = ExportRelease|Any CPU
		{F39C8A23-0FAA-4057-85D9-DB7862B76C11}.ExportRelease|x86.Build.0 = ExportRelease|Any CPU
		{F39C8A23-0FAA-4057-85D9-DB7862B76C11}.Release|Any CPU.ActiveCfg = Release|Any CPU
		{F39C8A23-0FAA-4057-85D9-DB7862B76C11}.Release|Any CPU.Build.0 = Release|Any CPU
		{F39C8A23-0FAA-4057-85D9-DB7862B76C11}.Release|x64.ActiveCfg = Release|Any CPU
		{F39C8A23-0FAA-4057-85D9-DB7862B76C11}.Release|x64.Build.0 = Release|Any CPU
		{F39C8A23-0FAA-4057-85D9-DB7862B76C11}.Release|x86.ActiveCfg = Release|Any CPU
		{F39C8A23-0FAA-4057-85D9-DB7862B76C11}.Release|x86.Build.0 = Release|Any CPU
		{083C144D-7BA2-41DD-A210-B5DD9F5896B0}.Debug|Any CPU.ActiveCfg = Debug|Any CPU
		{083C144D-7BA2-41DD-A210-B5DD9F5896B0}.Debug|Any CPU.Build.0 = Debug|Any CPU
		{083C144D-7BA2-41DD-A210-B5DD9F5896B0}.Debug|x64.ActiveCfg = Debug|Any CPU
		{083C144D-7BA2-41DD-A210-B5DD9F5896B0}.Debug|x64.Build.0 = Debug|Any CPU
		{083C144D-7BA2-41DD-A210-B5DD9F5896B0}.Debug|x86.ActiveCfg = Debug|Any CPU
		{083C144D-7BA2-41DD-A210-B5DD9F5896B0}.Debug|x86.Build.0 = Debug|Any CPU
		{083C144D-7BA2-41DD-A210-B5DD9F5896B0}.ExportDebug|Any CPU.ActiveCfg = Debug|Any CPU
		{083C144D-7BA2-41DD-A210-B5DD9F5896B0}.ExportDebug|Any CPU.Build.0 = Debug|Any CPU
		{083C144D-7BA2-41DD-A210-B5DD9F5896B0}.ExportDebug|x64.ActiveCfg = Debug|Any CPU
		{083C144D-7BA2-41DD-A210-B5DD9F5896B0}.ExportDebug|x64.Build.0 = Debug|Any CPU
		{083C144D-7BA2-41DD-A210-B5DD9F5896B0}.ExportDebug|x86.ActiveCfg = Debug|Any CPU
		{083C144D-7BA2-41DD-A210-B5DD9F5896B0}.ExportDebug|x86.Build.0 = Debug|Any CPU
		{083C144D-7BA2-41DD-A210-B5DD9F5896B0}.ExportRelease|Any CPU.ActiveCfg = Debug|Any CPU
		{083C144D-7BA2-41DD-A210-B5DD9F5896B0}.ExportRelease|Any CPU.Build.0 = Debug|Any CPU
		{083C144D-7BA2-41DD-A210-B5DD9F5896B0}.ExportRelease|x64.ActiveCfg = Debug|Any CPU
		{083C144D-7BA2-41DD-A210-B5DD9F5896B0}.ExportRelease|x64.Build.0 = Debug|Any CPU
		{083C144D-7BA2-41DD-A210-B5DD9F5896B0}.ExportRelease|x86.ActiveCfg = Debug|Any CPU
		{083C144D-7BA2-41DD-A210-B5DD9F5896B0}.ExportRelease|x86.Build.0 = Debug|Any CPU
		{083C144D-7BA2-41DD-A210-B5DD9F5896B0}.Release|Any CPU.ActiveCfg = Release|Any CPU
		{083C144D-7BA2-41DD-A210-B5DD9F5896B0}.Release|Any CPU.Build.0 = Release|Any CPU
		{083C144D-7BA2-41DD-A210-B5DD9F5896B0}.Release|x64.ActiveCfg = Release|Any CPU
		{083C144D-7BA2-41DD-A210-B5DD9F5896B0}.Release|x64.Build.0 = Release|Any CPU
		{083C144D-7BA2-41DD-A210-B5DD9F5896B0}.Release|x86.ActiveCfg = Release|Any CPU
		{083C144D-7BA2-41DD-A210-B5DD9F5896B0}.Release|x86.Build.0 = Release|Any CPU
	EndGlobalSection
	GlobalSection(SolutionProperties) = preSolution
		HideSolutionNode = FALSE
	EndGlobalSection
	GlobalSection(NestedProjects) = preSolution
		{083C144D-7BA2-41DD-A210-B5DD9F5896B0} = {07C2787E-EAC7-C090-1BA3-A61EC2A24D84}
	EndGlobalSection
EndGlobal
